
Microsoft Visual Studio Solution File, Format Version 12.00
# Visual Studio Version 17
VisualStudioVersion = 17.6.33829.357
MinimumVisualStudioVersion = 10.0.40219.1
Project("{FAE04EC0-301F-11D3-BF4B-00C04F79EFBC}") = "StringMethods", "StringMethods\StringMethods.csproj", "{C7D021C5-0C6C-4C1A-A358-6FE4121F5DA8}"
EndProject
Global
	GlobalSection(SolutionConfigurationPlatforms) = preSolution
		Debug|Any CPU = Debug|Any CPU
		Release|Any CPU = Release|Any CPU
	EndGlobalSection
	GlobalSection(ProjectConfigurationPlatforms) = postSolution
		{C7D021C5-0C6C-4C1A-A358-6FE4121F5DA8}.Debug|Any CPU.ActiveCfg = Debug|Any CPU
		{C7D021C5-0C6C-4C1A-A358-6FE4121F5DA8}.Debug|Any CPU.Build.0 = Debug|Any CPU
		{C7D021C5-0C6C-4C1A-A358-6FE4121F5DA8}.Release|Any CPU.ActiveCfg = Release|Any CPU
		{C7D021C5-0C6C-4C1A-A358-6FE4121F5DA8}.Release|Any CPU.Build.0 = Release|Any CPU
	EndGlobalSection
	GlobalSection(SolutionProperties) = preSolution
		HideSolutionNode = FALSE
	EndGlobalSection
	GlobalSection(ExtensibilityGlobals) = postSolution
		SolutionGuid = {2B7F3671-781D-41C9-A76E-3FAEC5EFB730}
	EndGlobalSection
EndGlobal
